
Microsoft Visual Studio Solution File, Format Version 11.00
# Visual Studio 2010
Project("{FAE04EC0-301F-11D3-BF4B-00C04F79EFBC}") = "TeamDev.Redis", "TeamDev.Redis.csproj", "{D24FAE10-ACAC-4E17-A075-7E820B3FBCBA}"
EndProject
Global
	GlobalSection(SolutionConfigurationPlatforms) = preSolution
		Debug|Any CPU = Debug|Any CPU
		Release|Any CPU = Release|Any CPU
	EndGlobalSection
	GlobalSection(ProjectConfigurationPlatforms) = postSolution
		{D24FAE10-ACAC-4E17-A075-7E820B3FBCBA}.Debug|Any CPU.ActiveCfg = Debug|Any CPU
		{D24FAE10-ACAC-4E17-A075-7E820B3FBCBA}.Debug|Any CPU.Build.0 = Debug|Any CPU
		{D24FAE10-ACAC-4E17-A075-7E820B3FBCBA}.Release|Any CPU.ActiveCfg = Release|Any CPU
		{D24FAE10-ACAC-4E17-A075-7E820B3FBCBA}.Release|Any CPU.Build.0 = Release|Any CPU
	EndGlobalSection
	GlobalSection(SolutionProperties) = preSolution
		HideSolutionNode = FALSE
	EndGlobalSection
EndGlobal
